
Microsoft Visual Studio Solution File, Format Version 12.00
# Visual Studio 15
VisualStudioVersion = 15.0.28307.329
MinimumVisualStudioVersion = 10.0.40219.1
Project("{FAE04EC0-301F-11D3-BF4B-00C04F79EFBC}") = "JwlMediaWin", "JwlMediaWin\JwlMediaWin.csproj", "{2ECA9EDE-DDCA-479E-9F5C-E70DE2656515}"
EndProject
Project("{2150E333-8FDC-42A3-9474-1A3956D46DE8}") = "SolutionItems", "SolutionItems", "{0B0EDFB6-2E33-4A3E-A9CF-84A9C51BA0EE}"
	ProjectSection(SolutionItems) = preProject
		JwlMediaWin.ruleset = JwlMediaWin.ruleset
		SolutionInfo.cs = SolutionInfo.cs
	EndProjectSection
EndProject
Project("{FAE04EC0-301F-11D3-BF4B-00C04F79EFBC}") = "JwlMediaWin.Core", "JwlMediaWin.Core\JwlMediaWin.Core.csproj", "{9C6B9077-C068-4B9C-A57A-81F124D92BC3}"
EndProject
Global
	GlobalSection(SolutionConfigurationPlatforms) = preSolution
		Debug|Any CPU = Debug|Any CPU
		Release|Any CPU = Release|Any CPU
	EndGlobalSection
	GlobalSection(ProjectConfigurationPlatforms) = postSolution
		{2ECA9EDE-DDCA-479E-9F5C-E70DE2656515}.Debug|Any CPU.ActiveCfg = Debug|Any CPU
		{2ECA9EDE-DDCA-479E-9F5C-E70DE2656515}.Debug|Any CPU.Build.0 = Debug|Any CPU
		{2ECA9EDE-DDCA-479E-9F5C-E70DE2656515}.Release|Any CPU.ActiveCfg = Release|Any CPU
		{2ECA9EDE-DDCA-479E-9F5C-E70DE2656515}.Release|Any CPU.Build.0 = Release|Any CPU
		{9C6B9077-C068-4B9C-A57A-81F124D92BC3}.Debug|Any CPU.ActiveCfg = Debug|Any CPU
		{9C6B9077-C068-4B9C-A57A-81F124D92BC3}.Debug|Any CPU.Build.0 = Debug|Any CPU
		{9C6B9077-C068-4B9C-A57A-81F124D92BC3}.Release|Any CPU.ActiveCfg = Release|Any CPU
		{9C6B9077-C068-4B9C-A57A-81F124D92BC3}.Release|Any CPU.Build.0 = Release|Any CPU
	EndGlobalSection
	GlobalSection(SolutionProperties) = preSolution
		HideSolutionNode = FALSE
	EndGlobalSection
	GlobalSection(ExtensibilityGlobals) = postSolution
		SolutionGuid = {1FFA755A-B6C0-4B37-A1A0-D5DCC1117A2F}
	EndGlobalSection
EndGlobal
